
Microsoft Visual Studio Solution File, Format Version 12.00
# Visual Studio Version 17
VisualStudioVersion = 17.9.34622.214
MinimumVisualStudioVersion = 10.0.40219.1
Project("{FAE04EC0-301F-11D3-BF4B-00C04F79EFBC}") = "TestBackwardsNavigation", "TestBackwardsNavigation.csproj", "{32343824-D013-46A1-B0C1-E6B5FE629483}"
EndProject
Global
	GlobalSection(SolutionConfigurationPlatforms) = preSolution
		Debug|Any CPU = Debug|Any CPU
		Release|Any CPU = Release|Any CPU
	EndGlobalSection
	GlobalSection(ProjectConfigurationPlatforms) = postSolution
		{32343824-D013-46A1-B0C1-E6B5FE629483}.Debug|Any CPU.ActiveCfg = Debug|Any CPU
		{32343824-D013-46A1-B0C1-E6B5FE629483}.Debug|Any CPU.Build.0 = Debug|Any CPU
		{32343824-D013-46A1-B0C1-E6B5FE629483}.Debug|Any CPU.Deploy.0 = Debug|Any CPU
		{32343824-D013-46A1-B0C1-E6B5FE629483}.Release|Any CPU.ActiveCfg = Release|Any CPU
		{32343824-D013-46A1-B0C1-E6B5FE629483}.Release|Any CPU.Build.0 = Release|Any CPU
		{32343824-D013-46A1-B0C1-E6B5FE629483}.Release|Any CPU.Deploy.0 = Release|Any CPU
	EndGlobalSection
	GlobalSection(SolutionProperties) = preSolution
		HideSolutionNode = FALSE
	EndGlobalSection
	GlobalSection(ExtensibilityGlobals) = postSolution
		SolutionGuid = {3ABE8609-D19A-493F-957D-981E61CB10F4}
	EndGlobalSection
EndGlobal
